<?xml version="1.0" encoding="utf-8"?>
<Project ToolsVersion="4.0" xmlns="http://schemas.microsoft.com/developer/msbuild/2003">
  <ItemGroup>
    <Filter Include="源文件">
      <UniqueIdentifier>{4FC737F1-C7A5-4376-A066-2A32D752A2FF}</UniqueIdentifier>
      <Extensions>cpp;c;cc;cxx;def;odl;idl;hpj;bat;asm;asmx</Extensions>
    </Filter>
    <Filter Include="头文件">
      <UniqueIdentifier>{93995380-89BD-4b04-88EB-625FBE52EBFB}</UniqueIdentifier>
      <Extensions>h;hh;hpp;hxx;hm;inl;inc;xsd</Extensions>
    </Filter>
    <Filter Include="资源文件">
      <UniqueIdentifier>{67DA6AB6-F800-4c08-8B7A-83BB121AAD01}</UniqueIdentifier>
      <Extensions>rc;ico;cur;bmp;dlg;rc2;rct;bin;rgs;gif;jpg;jpeg;jpe;resx;tiff;tif;png;wav;mfcribbon-ms</Extensions>
    </Filter>
    <Filter Include="coredump">
      <UniqueIdentifier>{7bf4fd7d-6a0a-44a9-82c6-19e857a8c500}</UniqueIdentifier>
    </Filter>
    <Filter Include="Camera">
      <UniqueIdentifier>{33039f1e-f2dd-4cbf-8549-7feffabbaccb}</UniqueIdentifier>
    </Filter>
    <Filter Include="tinyxml">
      <UniqueIdentifier>{52b4972a-d286-42af-bb32-b0cbc2964609}</UniqueIdentifier>
    </Filter>
    <Filter Include="utilityTool">
      <UniqueIdentifier>{061733d0-437e-4118-9c2f-21542373d097}</UniqueIdentifier>
    </Filter>
  </ItemGroup>
  <ItemGroup>
    <Text Include="ReadMe.txt" />
  </ItemGroup>
  <ItemGroup>
    <ClInclude Include="stdafx.h">
      <Filter>头文件</Filter>
    </ClInclude>
    <ClInclude Include="targetver.h">
      <Filter>头文件</Filter>
    </ClInclude>
    <ClInclude Include="VPRCTRL.h">
      <Filter>头文件</Filter>
    </ClInclude>
    <ClInclude Include="coredump\MiniDumper.h">
      <Filter>coredump</Filter>
    </ClInclude>
    <ClInclude Include="Camera\BaseCamera.h">
      <Filter>Camera</Filter>
    </ClInclude>
    <ClInclude Include="Camera\Camera6467_plate.h">
      <Filter>Camera</Filter>
    </ClInclude>
    <ClInclude Include="Camera\CameraResult.h">
      <Filter>Camera</Filter>
    </ClInclude>
    <ClInclude Include="Camera\ResultListManager.h">
      <Filter>Camera</Filter>
    </ClInclude>
    <ClInclude Include="tinyxml\tinystr.h">
      <Filter>tinyxml</Filter>
    </ClInclude>
    <ClInclude Include="tinyxml\tinyxml.h">
      <Filter>tinyxml</Filter>
    </ClInclude>
    <ClInclude Include="utilityTool\log4z.h">
      <Filter>utilityTool</Filter>
    </ClInclude>
    <ClInclude Include="utilityTool\ToolFunction.h">
      <Filter>utilityTool</Filter>
    </ClInclude>
    <ClInclude Include="Camera\ThreadSafeList.h">
      <Filter>Camera</Filter>
    </ClInclude>
    <ClInclude Include="ResultUploader.h">
      <Filter>头文件</Filter>
    </ClInclude>
    <ClInclude Include="VPR_commondef.h">
      <Filter>头文件</Filter>
    </ClInclude>
    <ClInclude Include="resource.h">
      <Filter>头文件</Filter>
    </ClInclude>
  </ItemGroup>
  <ItemGroup>
    <ClCompile Include="stdafx.cpp">
      <Filter>源文件</Filter>
    </ClCompile>
    <ClCompile Include="VPRCTRL.cpp">
      <Filter>源文件</Filter>
    </ClCompile>
    <ClCompile Include="dllmain.cpp">
      <Filter>源文件</Filter>
    </ClCompile>
    <ClCompile Include="coredump\MiniDumper.cpp">
      <Filter>coredump</Filter>
    </ClCompile>
    <ClCompile Include="Camera\BaseCamera.cpp">
      <Filter>Camera</Filter>
    </ClCompile>
    <ClCompile Include="Camera\Camera6467_plate.cpp">
      <Filter>Camera</Filter>
    </ClCompile>
    <ClCompile Include="Camera\CameraResult.cpp">
      <Filter>Camera</Filter>
    </ClCompile>
    <ClCompile Include="Camera\ResultListManager.cpp">
      <Filter>Camera</Filter>
    </ClCompile>
    <ClCompile Include="tinyxml\tinystr.cpp">
      <Filter>tinyxml</Filter>
    </ClCompile>
    <ClCompile Include="tinyxml\tinyxml.cpp">
      <Filter>tinyxml</Filter>
    </ClCompile>
    <ClCompile Include="tinyxml\tinyxmlerror.cpp">
      <Filter>tinyxml</Filter>
    </ClCompile>
    <ClCompile Include="tinyxml\tinyxmlparser.cpp">
      <Filter>tinyxml</Filter>
    </ClCompile>
    <ClCompile Include="utilityTool\log4z.cpp">
      <Filter>utilityTool</Filter>
    </ClCompile>
    <ClCompile Include="utilityTool\ToolFunction.cpp">
      <Filter>utilityTool</Filter>
    </ClCompile>
    <ClCompile Include="ResultUploader.cpp">
      <Filter>源文件</Filter>
    </ClCompile>
  </ItemGroup>
  <ItemGroup>
    <ResourceCompile Include="VPRCTRL.rc">
      <Filter>资源文件</Filter>
    </ResourceCompile>
  </ItemGroup>
  <ItemGroup>
    <None Include="VPRCTRL.def">
      <Filter>源文件</Filter>
    </None>
  </ItemGroup>
</Project>